{
  "name": "demo",
  "version": "0.1.0",
  "lockfileVersion": 1,
  "requires": true,
  "dependencies": {
    "@babel/runtime": {
      "version": "7.6.0",
      "resolved": "https://registry.npm.taobao.org/@babel/runtime/download/@babel/runtime-7.6.0.tgz",
      "integrity": "sha1-T8HWQqn9Apl1Totd5ixjHPVWggU=",
      "requires": {
        "regenerator-runtime": "0.13.3"
      }
    },
    "@vant/icons": {
      "version": "1.1.14",
      "resolved": "https://registry.npm.taobao.org/@vant/icons/download/@vant/icons-1.1.14.tgz",
      "integrity": "sha1-dt+3vgVfmIddcDr1mmIWU5wyqM0="
    },
    "@vue/babel-helper-vue-jsx-merge-props": {
      "version": "1.0.0",
      "resolved": "https://registry.npm.taobao.org/@vue/babel-helper-vue-jsx-merge-props/download/@vue/babel-helper-vue-jsx-merge-props-1.0.0.tgz",
      "integrity": "sha1-BI/leZWNpAj7eosqPsBQtQpmEEA="
    },
    "regenerator-runtime": {
      "version": "0.13.3",
      "resolved": "https://registry.npm.taobao.org/regenerator-runtime/download/regenerator-runtime-0.13.3.tgz",
      "integrity": "sha1-fPanfY9cb2Drc8X8GVWyzrAea/U="
    },
    "vant": {
      "version": "2.2.1",
      "resolved": "https://registry.npm.taobao.org/vant/download/vant-2.2.1.tgz",
      "integrity": "sha1-GRG4FG7wz2mh3ANdk5cJggV4Ixg=",
      "requires": {
        "@babel/runtime": "7.6.0",
        "@vant/icons": "1.1.14",
        "@vue/babel-helper-vue-jsx-merge-props": "1.0.0",
        "vue-lazyload": "1.2.3"
      }
    },
    "vue-lazyload": {
      "version": "1.2.3",
      "resolved": "https://registry.npm.taobao.org/vue-lazyload/download/vue-lazyload-1.2.3.tgz?cache=0&other_urls=https%3A%2F%2Fregistry.npm.taobao.org%2Fvue-lazyload%2Fdownload%2Fvue-lazyload-1.2.3.tgz",
      "integrity": "sha1-kB+ewVx+bKeHgaK65KNDaGve2yw="
    }
  }
}
